
Microsoft Visual Studio Solution File, Format Version 12.00
# Visual Studio 15
VisualStudioVersion = 15.0.28307.168
MinimumVisualStudioVersion = 10.0.40219.1
Project("{FAE04EC0-301F-11D3-BF4B-00C04F79EFBC}") = "SpadesGame", "SpadesGame\SpadesGame.csproj", "{EC4C7632-C823-4B5E-92F3-3E2F740F91F6}"
EndProject
Project("{FAE04EC0-301F-11D3-BF4B-00C04F79EFBC}") = "SpadesLib", "SpadesLib\SpadesLib.csproj", "{F56C13DC-3426-41B4-966F-9F00A2E24B8E}"
EndProject
Project("{FAE04EC0-301F-11D3-BF4B-00C04F79EFBC}") = "SpadesTest", "SpadesTest\SpadesTest.csproj", "{2CBEF824-5F29-4C1B-9CF2-6F8E465D1CA7}"
EndProject
Global
	GlobalSection(SolutionConfigurationPlatforms) = preSolution
		Debug|Any CPU = Debug|Any CPU
		Release|Any CPU = Release|Any CPU
	EndGlobalSection
	GlobalSection(ProjectConfigurationPlatforms) = postSolution
		{EC4C7632-C823-4B5E-92F3-3E2F740F91F6}.Debug|Any CPU.ActiveCfg = Debug|Any CPU
		{EC4C7632-C823-4B5E-92F3-3E2F740F91F6}.Debug|Any CPU.Build.0 = Debug|Any CPU
		{EC4C7632-C823-4B5E-92F3-3E2F740F91F6}.Release|Any CPU.ActiveCfg = Release|Any CPU
		{EC4C7632-C823-4B5E-92F3-3E2F740F91F6}.Release|Any CPU.Build.0 = Release|Any CPU
		{F56C13DC-3426-41B4-966F-9F00A2E24B8E}.Debug|Any CPU.ActiveCfg = Debug|Any CPU
		{F56C13DC-3426-41B4-966F-9F00A2E24B8E}.Debug|Any CPU.Build.0 = Debug|Any CPU
		{F56C13DC-3426-41B4-966F-9F00A2E24B8E}.Release|Any CPU.ActiveCfg = Release|Any CPU
		{F56C13DC-3426-41B4-966F-9F00A2E24B8E}.Release|Any CPU.Build.0 = Release|Any CPU
		{2CBEF824-5F29-4C1B-9CF2-6F8E465D1CA7}.Debug|Any CPU.ActiveCfg = Debug|Any CPU
		{2CBEF824-5F29-4C1B-9CF2-6F8E465D1CA7}.Debug|Any CPU.Build.0 = Debug|Any CPU
		{2CBEF824-5F29-4C1B-9CF2-6F8E465D1CA7}.Release|Any CPU.ActiveCfg = Release|Any CPU
		{2CBEF824-5F29-4C1B-9CF2-6F8E465D1CA7}.Release|Any CPU.Build.0 = Release|Any CPU
	EndGlobalSection
	GlobalSection(SolutionProperties) = preSolution
		HideSolutionNode = FALSE
	EndGlobalSection
	GlobalSection(ExtensibilityGlobals) = postSolution
		SolutionGuid = {72F1F72F-2BEA-45B1-9215-720B3C779900}
	EndGlobalSection
EndGlobal
